{
  "name": "cours",
  "version": "1.0.0",
  "lockfileVersion": 2,
  "requires": true,
  "packages": {
    "": {
      "version": "1.0.0",
      "license": "ISC",
      "devDependencies": {
        "middle-manager": "^1.0.8"
      }
    },
    "node_modules/argparse": {
      "version": "1.0.10",
      "resolved": "https://registry.npmjs.org/argparse/-/argparse-1.0.10.tgz",
      "integrity": "sha512-o5Roy6tNG4SL/FOkCAN6RzjiakZS25RLYFrcMttJqbdd8BWrnA+fGz57iN5Pb06pvBGvl5gQ0B48dJlslXvoTg==",
      "dev": true,
      "dependencies": {
        "sprintf-js": "~1.0.2"
      }
    },
    "node_modules/clipboard": {
      "version": "2.0.6",
      "resolved": "https://registry.npmjs.org/clipboard/-/clipboard-2.0.6.tgz",
      "integrity": "sha512-g5zbiixBRk/wyKakSwCKd7vQXDjFnAMGHoEyBogG/bw9kTD9GvdAvaoRR1ALcEzt3pVKxZR0pViekPMIS0QyGg==",
      "dev": true,
      "optional": true,
      "dependencies": {
        "good-listener": "^1.2.2",
        "select": "^1.1.2",
        "tiny-emitter": "^2.0.0"
      }
    },
    "node_modules/delegate": {
      "version": "3.2.0",
      "resolved": "https://registry.npmjs.org/delegate/-/delegate-3.2.0.tgz",
      "integrity": "sha512-IofjkYBZaZivn0V8nnsMJGBr4jVLxHDheKSW88PyxS5QC4Vo9ZbZVvhzlSxY87fVq3STR6r+4cGepyHkcWOQSw==",
      "dev": true,
      "optional": true
    },
    "node_modules/good-listener": {
      "version": "1.2.2",
      "resolved": "https://registry.npmjs.org/good-listener/-/good-listener-1.2.2.tgz",
      "integrity": "sha1-1TswzfkxPf+33JoNR3CWqm0UXFA=",
      "dev": true,
      "optional": true,
      "dependencies": {
        "delegate": "^3.1.2"
      }
    },
    "node_modules/marked": {
      "version": "0.8.2",
      "resolved": "https://registry.npmjs.org/marked/-/marked-0.8.2.tgz",
      "integrity": "sha512-EGwzEeCcLniFX51DhTpmTom+dSA/MG/OBUDjnWtHbEnjAH180VzUeAw+oE4+Zv+CoYBWyRlYOTR0N8SO9R1PVw==",
      "dev": true,
      "bin": {
        "marked": "bin/marked"
      },
      "engines": {
        "node": ">= 8.16.2"
      }
    },
    "node_modules/middle-manager": {
      "version": "1.0.8",
      "resolved": "https://registry.npmjs.org/middle-manager/-/middle-manager-1.0.8.tgz",
      "integrity": "sha512-TPUxyehgWNhBUxeDYoGNkF5FkGAT9jg0/WZPTpfK2IPQqpCySkzRDNpnLAEmEKfK5wOI1SfPUITr1+AGPJ/+fA==",
      "dev": true,
      "dependencies": {
        "argparse": "^1.0.10",
        "marked": "^0.8.0",
        "papaparse": "^5.2.0",
        "prismjs": "^1.19.0",
        "xml-string": "^2.0.2"
      },
      "bin": {
        "middle-manager": "dist/index.js"
      }
    },
    "node_modules/papaparse": {
      "version": "5.3.0",
      "resolved": "https://registry.npmjs.org/papaparse/-/papaparse-5.3.0.tgz",
      "integrity": "sha512-Lb7jN/4bTpiuGPrYy4tkKoUS8sTki8zacB5ke1p5zolhcSE4TlWgrlsxjrDTbG/dFVh07ck7X36hUf/b5V68pg==",
      "dev": true
    },
    "node_modules/prismjs": {
      "version": "1.23.0",
      "resolved": "https://registry.npmjs.org/prismjs/-/prismjs-1.23.0.tgz",
      "integrity": "sha512-c29LVsqOaLbBHuIbsTxaKENh1N2EQBOHaWv7gkHN4dgRbxSREqDnDbtFJYdpPauS4YCplMSNCABQ6Eeor69bAA==",
      "dev": true,
      "optionalDependencies": {
        "clipboard": "^2.0.0"
      }
    },
    "node_modules/select": {
      "version": "1.1.2",
      "resolved": "https://registry.npmjs.org/select/-/select-1.1.2.tgz",
      "integrity": "sha1-DnNQrN7ICxEIUoeG7B1EGNEbOW0=",
      "dev": true,
      "optional": true
    },
    "node_modules/sprintf-js": {
      "version": "1.0.3",
      "resolved": "https://registry.npmjs.org/sprintf-js/-/sprintf-js-1.0.3.tgz",
      "integrity": "sha1-BOaSb2YolTVPPdAVIDYzuFcpfiw=",
      "dev": true
    },
    "node_modules/tiny-emitter": {
      "version": "2.1.0",
      "resolved": "https://registry.npmjs.org/tiny-emitter/-/tiny-emitter-2.1.0.tgz",
      "integrity": "sha512-NB6Dk1A9xgQPMoGqC5CVXn123gWyte215ONT5Pp5a0yt4nlEoO1ZWeCwpncaekPHXO60i47ihFnZPiRPjRMq4Q==",
      "dev": true,
      "optional": true
    },
    "node_modules/xml-string": {
      "version": "2.0.2",
      "resolved": "https://registry.npmjs.org/xml-string/-/xml-string-2.0.2.tgz",
      "integrity": "sha512-QIMl7dVRuOsFTVfbzzXLOKVtz9lLyohHA/6uYQVcfGvuiaECxHygNixZpBRJ3Y5744/avrW/Vx8r/Ol4ebkRRQ==",
      "dev": true
    }
  },
  "dependencies": {
    "argparse": {
      "version": "1.0.10",
      "resolved": "https://registry.npmjs.org/argparse/-/argparse-1.0.10.tgz",
      "integrity": "sha512-o5Roy6tNG4SL/FOkCAN6RzjiakZS25RLYFrcMttJqbdd8BWrnA+fGz57iN5Pb06pvBGvl5gQ0B48dJlslXvoTg==",
      "dev": true,
      "requires": {
        "sprintf-js": "~1.0.2"
      }
    },
    "clipboard": {
      "version": "2.0.6",
      "resolved": "https://registry.npmjs.org/clipboard/-/clipboard-2.0.6.tgz",
      "integrity": "sha512-g5zbiixBRk/wyKakSwCKd7vQXDjFnAMGHoEyBogG/bw9kTD9GvdAvaoRR1ALcEzt3pVKxZR0pViekPMIS0QyGg==",
      "dev": true,
      "optional": true,
      "requires": {
        "good-listener": "^1.2.2",
        "select": "^1.1.2",
        "tiny-emitter": "^2.0.0"
      }
    },
    "delegate": {
      "version": "3.2.0",
      "resolved": "https://registry.npmjs.org/delegate/-/delegate-3.2.0.tgz",
      "integrity": "sha512-IofjkYBZaZivn0V8nnsMJGBr4jVLxHDheKSW88PyxS5QC4Vo9ZbZVvhzlSxY87fVq3STR6r+4cGepyHkcWOQSw==",
      "dev": true,
      "optional": true
    },
    "good-listener": {
      "version": "1.2.2",
      "resolved": "https://registry.npmjs.org/good-listener/-/good-listener-1.2.2.tgz",
      "integrity": "sha1-1TswzfkxPf+33JoNR3CWqm0UXFA=",
      "dev": true,
      "optional": true,
      "requires": {
        "delegate": "^3.1.2"
      }
    },
    "marked": {
      "version": "0.8.2",
      "resolved": "https://registry.npmjs.org/marked/-/marked-0.8.2.tgz",
      "integrity": "sha512-EGwzEeCcLniFX51DhTpmTom+dSA/MG/OBUDjnWtHbEnjAH180VzUeAw+oE4+Zv+CoYBWyRlYOTR0N8SO9R1PVw==",
      "dev": true
    },
    "middle-manager": {
      "version": "1.0.8",
      "resolved": "https://registry.npmjs.org/middle-manager/-/middle-manager-1.0.8.tgz",
      "integrity": "sha512-TPUxyehgWNhBUxeDYoGNkF5FkGAT9jg0/WZPTpfK2IPQqpCySkzRDNpnLAEmEKfK5wOI1SfPUITr1+AGPJ/+fA==",
      "dev": true,
      "requires": {
        "argparse": "^1.0.10",
        "marked": "^0.8.0",
        "papaparse": "^5.2.0",
        "prismjs": "^1.19.0",
        "xml-string": "^2.0.2"
      }
    },
    "papaparse": {
      "version": "5.3.0",
      "resolved": "https://registry.npmjs.org/papaparse/-/papaparse-5.3.0.tgz",
      "integrity": "sha512-Lb7jN/4bTpiuGPrYy4tkKoUS8sTki8zacB5ke1p5zolhcSE4TlWgrlsxjrDTbG/dFVh07ck7X36hUf/b5V68pg==",
      "dev": true
    },
    "prismjs": {
      "version": "1.23.0",
      "resolved": "https://registry.npmjs.org/prismjs/-/prismjs-1.23.0.tgz",
      "integrity": "sha512-c29LVsqOaLbBHuIbsTxaKENh1N2EQBOHaWv7gkHN4dgRbxSREqDnDbtFJYdpPauS4YCplMSNCABQ6Eeor69bAA==",
      "dev": true,
      "requires": {
        "clipboard": "^2.0.0"
      }
    },
    "select": {
      "version": "1.1.2",
      "resolved": "https://registry.npmjs.org/select/-/select-1.1.2.tgz",
      "integrity": "sha1-DnNQrN7ICxEIUoeG7B1EGNEbOW0=",
      "dev": true,
      "optional": true
    },
    "sprintf-js": {
      "version": "1.0.3",
      "resolved": "https://registry.npmjs.org/sprintf-js/-/sprintf-js-1.0.3.tgz",
      "integrity": "sha1-BOaSb2YolTVPPdAVIDYzuFcpfiw=",
      "dev": true
    },
    "tiny-emitter": {
      "version": "2.1.0",
      "resolved": "https://registry.npmjs.org/tiny-emitter/-/tiny-emitter-2.1.0.tgz",
      "integrity": "sha512-NB6Dk1A9xgQPMoGqC5CVXn123gWyte215ONT5Pp5a0yt4nlEoO1ZWeCwpncaekPHXO60i47ihFnZPiRPjRMq4Q==",
      "dev": true,
      "optional": true
    },
    "xml-string": {
      "version": "2.0.2",
      "resolved": "https://registry.npmjs.org/xml-string/-/xml-string-2.0.2.tgz",
      "integrity": "sha512-QIMl7dVRuOsFTVfbzzXLOKVtz9lLyohHA/6uYQVcfGvuiaECxHygNixZpBRJ3Y5744/avrW/Vx8r/Ol4ebkRRQ==",
      "dev": true
    }
  }
}
